
Microsoft Visual Studio Solution File, Format Version 12.00
# Visual Studio Version 17
VisualStudioVersion = 17.1.32421.90
MinimumVisualStudioVersion = 10.0.40219.1
Project("{9A19103F-16F7-4668-BE54-9A1E7A4F7556}") = "Game", "Game\Game.csproj", "{AF2D3569-C293-453D-820E-05DBBADEBB92}"
EndProject
Project("{9A19103F-16F7-4668-BE54-9A1E7A4F7556}") = "GameTests", "GameTests\GameTests.csproj", "{2088DFCC-1196-4F24-8404-60EAFE349732}"
EndProject
Project("{FAE04EC0-301F-11D3-BF4B-00C04F79EFBC}") = "ConsoleWrapper", "ConsoleWrapper\ConsoleWrapper.csproj", "{CE66022F-7ED0-4246-B327-31C16C5095C3}"
EndProject
Global
	GlobalSection(SolutionConfigurationPlatforms) = preSolution
		Debug|Any CPU = Debug|Any CPU
		Release|Any CPU = Release|Any CPU
	EndGlobalSection
	GlobalSection(ProjectConfigurationPlatforms) = postSolution
		{AF2D3569-C293-453D-820E-05DBBADEBB92}.Debug|Any CPU.ActiveCfg = Debug|Any CPU
		{AF2D3569-C293-453D-820E-05DBBADEBB92}.Debug|Any CPU.Build.0 = Debug|Any CPU
		{AF2D3569-C293-453D-820E-05DBBADEBB92}.Release|Any CPU.ActiveCfg = Release|Any CPU
		{AF2D3569-C293-453D-820E-05DBBADEBB92}.Release|Any CPU.Build.0 = Release|Any CPU
		{2088DFCC-1196-4F24-8404-60EAFE349732}.Debug|Any CPU.ActiveCfg = Debug|Any CPU
		{2088DFCC-1196-4F24-8404-60EAFE349732}.Debug|Any CPU.Build.0 = Debug|Any CPU
		{2088DFCC-1196-4F24-8404-60EAFE349732}.Release|Any CPU.ActiveCfg = Release|Any CPU
		{2088DFCC-1196-4F24-8404-60EAFE349732}.Release|Any CPU.Build.0 = Release|Any CPU
		{CE66022F-7ED0-4246-B327-31C16C5095C3}.Debug|Any CPU.ActiveCfg = Debug|Any CPU
		{CE66022F-7ED0-4246-B327-31C16C5095C3}.Debug|Any CPU.Build.0 = Debug|Any CPU
		{CE66022F-7ED0-4246-B327-31C16C5095C3}.Release|Any CPU.ActiveCfg = Release|Any CPU
		{CE66022F-7ED0-4246-B327-31C16C5095C3}.Release|Any CPU.Build.0 = Release|Any CPU
	EndGlobalSection
	GlobalSection(SolutionProperties) = preSolution
		HideSolutionNode = FALSE
	EndGlobalSection
	GlobalSection(ExtensibilityGlobals) = postSolution
		SolutionGuid = {C260DDF8-0414-4F97-B40D-759146946CBE}
	EndGlobalSection
EndGlobal
