
Microsoft Visual Studio Solution File, Format Version 12.00
Project("{FAE04EC0-301F-11D3-BF4B-00C04F79EFBC}") = "UniqueList", "UniqueList\UniqueList.csproj", "{2E8724D3-9ACC-4A43-8380-746C8A48B18F}"
EndProject
Project("{FAE04EC0-301F-11D3-BF4B-00C04F79EFBC}") = "Exceptions", "Exceptions\Exceptions.csproj", "{06FBED8A-4D03-4436-933B-8774F98F8C48}"
EndProject
Project("{FAE04EC0-301F-11D3-BF4B-00C04F79EFBC}") = "MyList", "MyList\MyList.csproj", "{2B1A7779-DF9F-44AF-B153-68B85E6D3501}"
EndProject
Global
	GlobalSection(SolutionConfigurationPlatforms) = preSolution
		Debug|Any CPU = Debug|Any CPU
		Release|Any CPU = Release|Any CPU
	EndGlobalSection
	GlobalSection(ProjectConfigurationPlatforms) = postSolution
		{2E8724D3-9ACC-4A43-8380-746C8A48B18F}.Debug|Any CPU.ActiveCfg = Debug|Any CPU
		{2E8724D3-9ACC-4A43-8380-746C8A48B18F}.Debug|Any CPU.Build.0 = Debug|Any CPU
		{2E8724D3-9ACC-4A43-8380-746C8A48B18F}.Release|Any CPU.ActiveCfg = Release|Any CPU
		{2E8724D3-9ACC-4A43-8380-746C8A48B18F}.Release|Any CPU.Build.0 = Release|Any CPU
		{06FBED8A-4D03-4436-933B-8774F98F8C48}.Debug|Any CPU.ActiveCfg = Debug|Any CPU
		{06FBED8A-4D03-4436-933B-8774F98F8C48}.Debug|Any CPU.Build.0 = Debug|Any CPU
		{06FBED8A-4D03-4436-933B-8774F98F8C48}.Release|Any CPU.ActiveCfg = Release|Any CPU
		{06FBED8A-4D03-4436-933B-8774F98F8C48}.Release|Any CPU.Build.0 = Release|Any CPU
		{2B1A7779-DF9F-44AF-B153-68B85E6D3501}.Debug|Any CPU.ActiveCfg = Debug|Any CPU
		{2B1A7779-DF9F-44AF-B153-68B85E6D3501}.Debug|Any CPU.Build.0 = Debug|Any CPU
		{2B1A7779-DF9F-44AF-B153-68B85E6D3501}.Release|Any CPU.ActiveCfg = Release|Any CPU
		{2B1A7779-DF9F-44AF-B153-68B85E6D3501}.Release|Any CPU.Build.0 = Release|Any CPU
	EndGlobalSection
EndGlobal
