
Microsoft Visual Studio Solution File, Format Version 12.00
Project("{FAE04EC0-301F-11D3-BF4B-00C04F79EFBC}") = "bubbleSort", "bubbleSort\bubbleSort.csproj", "{67C903A1-8F01-4566-BF0D-936611AA86DF}"
EndProject
Project("{FAE04EC0-301F-11D3-BF4B-00C04F79EFBC}") = "bubbleSortTests", "bubbleSortTests\bubbleSortTests.csproj", "{916430FD-AB48-49AC-B774-9D78D26B1081}"
EndProject
Global
	GlobalSection(SolutionConfigurationPlatforms) = preSolution
		Debug|Any CPU = Debug|Any CPU
		Release|Any CPU = Release|Any CPU
	EndGlobalSection
	GlobalSection(ProjectConfigurationPlatforms) = postSolution
		{67C903A1-8F01-4566-BF0D-936611AA86DF}.Debug|Any CPU.ActiveCfg = Debug|Any CPU
		{67C903A1-8F01-4566-BF0D-936611AA86DF}.Debug|Any CPU.Build.0 = Debug|Any CPU
		{67C903A1-8F01-4566-BF0D-936611AA86DF}.Release|Any CPU.ActiveCfg = Release|Any CPU
		{67C903A1-8F01-4566-BF0D-936611AA86DF}.Release|Any CPU.Build.0 = Release|Any CPU
		{916430FD-AB48-49AC-B774-9D78D26B1081}.Debug|Any CPU.ActiveCfg = Debug|Any CPU
		{916430FD-AB48-49AC-B774-9D78D26B1081}.Debug|Any CPU.Build.0 = Debug|Any CPU
		{916430FD-AB48-49AC-B774-9D78D26B1081}.Release|Any CPU.ActiveCfg = Release|Any CPU
		{916430FD-AB48-49AC-B774-9D78D26B1081}.Release|Any CPU.Build.0 = Release|Any CPU
	EndGlobalSection
EndGlobal
