
Microsoft Visual Studio Solution File, Format Version 12.00
Project("{FAE04EC0-301F-11D3-BF4B-00C04F79EFBC}") = "SparseVector", "SparseVector\SparseVector.csproj", "{F82C1FE7-36F1-4CFA-8C88-814737BC2DE9}"
EndProject
Project("{FAE04EC0-301F-11D3-BF4B-00C04F79EFBC}") = "SparseVectorTests", "SparseVectorTests\SparseVectorTests.csproj", "{1BDA468A-63F3-4B18-A563-291FF354FA0B}"
EndProject
Project("{FAE04EC0-301F-11D3-BF4B-00C04F79EFBC}") = "Exceptions", "Exceptions\Exceptions.csproj", "{68C273F9-3202-4738-931C-C75FC1721139}"
EndProject
Global
	GlobalSection(SolutionConfigurationPlatforms) = preSolution
		Debug|Any CPU = Debug|Any CPU
		Release|Any CPU = Release|Any CPU
	EndGlobalSection
	GlobalSection(ProjectConfigurationPlatforms) = postSolution
		{F82C1FE7-36F1-4CFA-8C88-814737BC2DE9}.Debug|Any CPU.ActiveCfg = Debug|Any CPU
		{F82C1FE7-36F1-4CFA-8C88-814737BC2DE9}.Debug|Any CPU.Build.0 = Debug|Any CPU
		{F82C1FE7-36F1-4CFA-8C88-814737BC2DE9}.Release|Any CPU.ActiveCfg = Release|Any CPU
		{F82C1FE7-36F1-4CFA-8C88-814737BC2DE9}.Release|Any CPU.Build.0 = Release|Any CPU
		{1BDA468A-63F3-4B18-A563-291FF354FA0B}.Debug|Any CPU.ActiveCfg = Debug|Any CPU
		{1BDA468A-63F3-4B18-A563-291FF354FA0B}.Debug|Any CPU.Build.0 = Debug|Any CPU
		{1BDA468A-63F3-4B18-A563-291FF354FA0B}.Release|Any CPU.ActiveCfg = Release|Any CPU
		{1BDA468A-63F3-4B18-A563-291FF354FA0B}.Release|Any CPU.Build.0 = Release|Any CPU
		{68C273F9-3202-4738-931C-C75FC1721139}.Debug|Any CPU.ActiveCfg = Debug|Any CPU
		{68C273F9-3202-4738-931C-C75FC1721139}.Debug|Any CPU.Build.0 = Debug|Any CPU
		{68C273F9-3202-4738-931C-C75FC1721139}.Release|Any CPU.ActiveCfg = Release|Any CPU
		{68C273F9-3202-4738-931C-C75FC1721139}.Release|Any CPU.Build.0 = Release|Any CPU
	EndGlobalSection
EndGlobal
