
Microsoft Visual Studio Solution File, Format Version 12.00
Project("{FAE04EC0-301F-11D3-BF4B-00C04F79EFBC}") = "Lzw", "Lzw\Lzw.csproj", "{0C75B6F0-FD17-4EE1-946D-16A763A2DEA2}"
EndProject
Project("{FAE04EC0-301F-11D3-BF4B-00C04F79EFBC}") = "Trie", "Trie\Trie.csproj", "{2A04EACB-A68B-4EC1-92A7-AE46D521FF50}"
EndProject
Project("{FAE04EC0-301F-11D3-BF4B-00C04F79EFBC}") = "Bwt", "Bwt\Bwt.csproj", "{DBD448D1-EC80-4B6B-8FAE-AFC2DC72BF88}"
EndProject
Project("{FAE04EC0-301F-11D3-BF4B-00C04F79EFBC}") = "TrieTests", "TrieTests\TrieTests.csproj", "{8AC0654E-BAE8-41C6-8E6A-95A4D147EB07}"
EndProject
Project("{FAE04EC0-301F-11D3-BF4B-00C04F79EFBC}") = "BwtTests", "BwtTests\BwtTests.csproj", "{6C2715CC-712E-4B3B-B9B6-C836C315AE11}"
EndProject
Project("{FAE04EC0-301F-11D3-BF4B-00C04F79EFBC}") = "LzwTests", "LzwTests\LzwTests.csproj", "{BB2A14B5-02F4-475C-B0E8-EF23E0EC9C31}"
EndProject
Global
	GlobalSection(SolutionConfigurationPlatforms) = preSolution
		Debug|Any CPU = Debug|Any CPU
		Release|Any CPU = Release|Any CPU
	EndGlobalSection
	GlobalSection(ProjectConfigurationPlatforms) = postSolution
		{0C75B6F0-FD17-4EE1-946D-16A763A2DEA2}.Debug|Any CPU.ActiveCfg = Debug|Any CPU
		{0C75B6F0-FD17-4EE1-946D-16A763A2DEA2}.Debug|Any CPU.Build.0 = Debug|Any CPU
		{0C75B6F0-FD17-4EE1-946D-16A763A2DEA2}.Release|Any CPU.ActiveCfg = Release|Any CPU
		{0C75B6F0-FD17-4EE1-946D-16A763A2DEA2}.Release|Any CPU.Build.0 = Release|Any CPU
		{2A04EACB-A68B-4EC1-92A7-AE46D521FF50}.Debug|Any CPU.ActiveCfg = Debug|Any CPU
		{2A04EACB-A68B-4EC1-92A7-AE46D521FF50}.Debug|Any CPU.Build.0 = Debug|Any CPU
		{2A04EACB-A68B-4EC1-92A7-AE46D521FF50}.Release|Any CPU.ActiveCfg = Release|Any CPU
		{2A04EACB-A68B-4EC1-92A7-AE46D521FF50}.Release|Any CPU.Build.0 = Release|Any CPU
		{DBD448D1-EC80-4B6B-8FAE-AFC2DC72BF88}.Debug|Any CPU.ActiveCfg = Debug|Any CPU
		{DBD448D1-EC80-4B6B-8FAE-AFC2DC72BF88}.Debug|Any CPU.Build.0 = Debug|Any CPU
		{DBD448D1-EC80-4B6B-8FAE-AFC2DC72BF88}.Release|Any CPU.ActiveCfg = Release|Any CPU
		{DBD448D1-EC80-4B6B-8FAE-AFC2DC72BF88}.Release|Any CPU.Build.0 = Release|Any CPU
		{8AC0654E-BAE8-41C6-8E6A-95A4D147EB07}.Debug|Any CPU.ActiveCfg = Debug|Any CPU
		{8AC0654E-BAE8-41C6-8E6A-95A4D147EB07}.Debug|Any CPU.Build.0 = Debug|Any CPU
		{8AC0654E-BAE8-41C6-8E6A-95A4D147EB07}.Release|Any CPU.ActiveCfg = Release|Any CPU
		{8AC0654E-BAE8-41C6-8E6A-95A4D147EB07}.Release|Any CPU.Build.0 = Release|Any CPU
		{6C2715CC-712E-4B3B-B9B6-C836C315AE11}.Debug|Any CPU.ActiveCfg = Debug|Any CPU
		{6C2715CC-712E-4B3B-B9B6-C836C315AE11}.Debug|Any CPU.Build.0 = Debug|Any CPU
		{6C2715CC-712E-4B3B-B9B6-C836C315AE11}.Release|Any CPU.ActiveCfg = Release|Any CPU
		{6C2715CC-712E-4B3B-B9B6-C836C315AE11}.Release|Any CPU.Build.0 = Release|Any CPU
		{BB2A14B5-02F4-475C-B0E8-EF23E0EC9C31}.Debug|Any CPU.ActiveCfg = Debug|Any CPU
		{BB2A14B5-02F4-475C-B0E8-EF23E0EC9C31}.Debug|Any CPU.Build.0 = Debug|Any CPU
		{BB2A14B5-02F4-475C-B0E8-EF23E0EC9C31}.Release|Any CPU.ActiveCfg = Release|Any CPU
		{BB2A14B5-02F4-475C-B0E8-EF23E0EC9C31}.Release|Any CPU.Build.0 = Release|Any CPU
	EndGlobalSection
EndGlobal
